
Microsoft Visual Studio Solution File, Format Version 12.00
# Visual Studio Version 16
VisualStudioVersion = 16.0.29009.5
MinimumVisualStudioVersion = 10.0.40219.1
Project("{FAE04EC0-301F-11D3-BF4B-00C04F79EFBC}") = "FTP_Download_SmartNet", "FTP_Download_SmartNet\FTP_Download_SmartNet.csproj", "{5847E5F0-9387-48C3-A413-9344BFC89D5A}"
EndProject
Global
	GlobalSection(SolutionConfigurationPlatforms) = preSolution
		Debug|Any CPU = Debug|Any CPU
		Release|Any CPU = Release|Any CPU
	EndGlobalSection
	GlobalSection(ProjectConfigurationPlatforms) = postSolution
		{5847E5F0-9387-48C3-A413-9344BFC89D5A}.Debug|Any CPU.ActiveCfg = Debug|Any CPU
		{5847E5F0-9387-48C3-A413-9344BFC89D5A}.Debug|Any CPU.Build.0 = Debug|Any CPU
		{5847E5F0-9387-48C3-A413-9344BFC89D5A}.Release|Any CPU.ActiveCfg = Release|Any CPU
		{5847E5F0-9387-48C3-A413-9344BFC89D5A}.Release|Any CPU.Build.0 = Release|Any CPU
	EndGlobalSection
	GlobalSection(SolutionProperties) = preSolution
		HideSolutionNode = FALSE
	EndGlobalSection
	GlobalSection(ExtensibilityGlobals) = postSolution
		SolutionGuid = {C8CA1F4F-DEE9-42CB-9A4B-63219D54331A}
	EndGlobalSection
EndGlobal
